// !$*UTF8*$!
{
	archiveVersion = 1;
	classes = {
	};
	objectVersion = 77;
	objects = {

/* Begin PBXBuildFile section */
		D1A5041A2D011F9A00849EE5 /* AdventOfCode.framework in Frameworks */ = {isa = PBXBuildFile; fileRef = D1E20A282CEC140400CB6727 /* AdventOfCode.framework */; };
		D1A5041B2D011F9A00849EE5 /* AdventOfCode.framework in Embed Frameworks */ = {isa = PBXBuildFile; fileRef = D1E20A282CEC140400CB6727 /* AdventOfCode.framework */; settings = {ATTRIBUTES = (CodeSignOnCopy, RemoveHeadersOnCopy, ); }; };
		D1A5041E2D011F9A00849EE5 /* Visualization.framework in Frameworks */ = {isa = PBXBuildFile; fileRef = D1E20A6C2CEC213700CB6727 /* Visualization.framework */; };
		D1A5041F2D011F9A00849EE5 /* Visualization.framework in Embed Frameworks */ = {isa = PBXBuildFile; fileRef = D1E20A6C2CEC213700CB6727 /* Visualization.framework */; settings = {ATTRIBUTES = (CodeSignOnCopy, RemoveHeadersOnCopy, ); }; };
		D1A505062D08ED7100849EE5 /* AdventOfCode.framework in Frameworks */ = {isa = PBXBuildFile; fileRef = D1E20A282CEC140400CB6727 /* AdventOfCode.framework */; };
		D1A505072D08ED7100849EE5 /* AdventOfCode.framework in Embed Frameworks */ = {isa = PBXBuildFile; fileRef = D1E20A282CEC140400CB6727 /* AdventOfCode.framework */; settings = {ATTRIBUTES = (CodeSignOnCopy, RemoveHeadersOnCopy, ); }; };
		D1A5050A2D08ED7100849EE5 /* Visualization.framework in Frameworks */ = {isa = PBXBuildFile; fileRef = D1E20A6C2CEC213700CB6727 /* Visualization.framework */; };
		D1A5050B2D08ED7100849EE5 /* Visualization.framework in Embed Frameworks */ = {isa = PBXBuildFile; fileRef = D1E20A6C2CEC213700CB6727 /* Visualization.framework */; settings = {ATTRIBUTES = (CodeSignOnCopy, RemoveHeadersOnCopy, ); }; };
		D1DE36A22CFCD81C009225E4 /* Visualization.framework in Frameworks */ = {isa = PBXBuildFile; fileRef = D1E20A6C2CEC213700CB6727 /* Visualization.framework */; };
		D1DE36A32CFCD81C009225E4 /* Visualization.framework in Embed Frameworks */ = {isa = PBXBuildFile; fileRef = D1E20A6C2CEC213700CB6727 /* Visualization.framework */; settings = {ATTRIBUTES = (CodeSignOnCopy, RemoveHeadersOnCopy, ); }; };
		D1E20A342CEC148F00CB6727 /* Algorithms in Frameworks */ = {isa = PBXBuildFile; productRef = D1E20A332CEC148F00CB6727 /* Algorithms */; };
		D1E20A362CEC149300CB6727 /* Collections in Frameworks */ = {isa = PBXBuildFile; productRef = D1E20A352CEC149300CB6727 /* Collections */; };
		D1E20A512CEC177400CB6727 /* AdventOfCode.framework in Frameworks */ = {isa = PBXBuildFile; fileRef = D1E20A282CEC140400CB6727 /* AdventOfCode.framework */; };
		D1E20A522CEC177400CB6727 /* AdventOfCode.framework in Embed Frameworks */ = {isa = PBXBuildFile; fileRef = D1E20A282CEC140400CB6727 /* AdventOfCode.framework */; settings = {ATTRIBUTES = (CodeSignOnCopy, RemoveHeadersOnCopy, ); }; };
		D1E20A572CEC179B00CB6727 /* ArgumentParser in Frameworks */ = {isa = PBXBuildFile; productRef = D1E20A562CEC179B00CB6727 /* ArgumentParser */; };
		D1E20A632CEC1FF200CB6727 /* README.md in Resources */ = {isa = PBXBuildFile; fileRef = D1E20A622CEC1FEE00CB6727 /* README.md */; };
		D1E20A652CEC202A00CB6727 /* LICENSE.txt in Resources */ = {isa = PBXBuildFile; fileRef = D1E20A642CEC202600CB6727 /* LICENSE.txt */; };
		D1E20AA02CEC22DC00CB6727 /* Visualization.framework in Frameworks */ = {isa = PBXBuildFile; fileRef = D1E20A6C2CEC213700CB6727 /* Visualization.framework */; };
		D1E20AA12CEC22DC00CB6727 /* Visualization.framework in Embed Frameworks */ = {isa = PBXBuildFile; fileRef = D1E20A6C2CEC213700CB6727 /* Visualization.framework */; settings = {ATTRIBUTES = (CodeSignOnCopy, RemoveHeadersOnCopy, ); }; };
/* End PBXBuildFile section */

/* Begin PBXContainerItemProxy section */
		D1A5041C2D011F9A00849EE5 /* PBXContainerItemProxy */ = {
			isa = PBXContainerItemProxy;
			containerPortal = D1E20A082CEC131E00CB6727 /* Project object */;
			proxyType = 1;
			remoteGlobalIDString = D1E20A272CEC140400CB6727;
			remoteInfo = "Advent of Code";
		};
		D1A504202D011F9A00849EE5 /* PBXContainerItemProxy */ = {
			isa = PBXContainerItemProxy;
			containerPortal = D1E20A082CEC131E00CB6727 /* Project object */;
			proxyType = 1;
			remoteGlobalIDString = D1E20A6B2CEC213700CB6727;
			remoteInfo = Visualization;
		};
		D1A505082D08ED7100849EE5 /* PBXContainerItemProxy */ = {
			isa = PBXContainerItemProxy;
			containerPortal = D1E20A082CEC131E00CB6727 /* Project object */;
			proxyType = 1;
			remoteGlobalIDString = D1E20A272CEC140400CB6727;
			remoteInfo = "Advent of Code";
		};
		D1A5050C2D08ED7100849EE5 /* PBXContainerItemProxy */ = {
			isa = PBXContainerItemProxy;
			containerPortal = D1E20A082CEC131E00CB6727 /* Project object */;
			proxyType = 1;
			remoteGlobalIDString = D1E20A6B2CEC213700CB6727;
			remoteInfo = Visualization;
		};
		D1DE36A42CFCD81C009225E4 /* PBXContainerItemProxy */ = {
			isa = PBXContainerItemProxy;
			containerPortal = D1E20A082CEC131E00CB6727 /* Project object */;
			proxyType = 1;
			remoteGlobalIDString = D1E20A6B2CEC213700CB6727;
			remoteInfo = Visualization;
		};
		D1E20A532CEC177400CB6727 /* PBXContainerItemProxy */ = {
			isa = PBXContainerItemProxy;
			containerPortal = D1E20A082CEC131E00CB6727 /* Project object */;
			proxyType = 1;
			remoteGlobalIDString = D1E20A272CEC140400CB6727;
			remoteInfo = "Advent of Code";
		};
		D1E20AA22CEC22DC00CB6727 /* PBXContainerItemProxy */ = {
			isa = PBXContainerItemProxy;
			containerPortal = D1E20A082CEC131E00CB6727 /* Project object */;
			proxyType = 1;
			remoteGlobalIDString = D1E20A6B2CEC213700CB6727;
			remoteInfo = Visualization;
		};
/* End PBXContainerItemProxy section */

/* Begin PBXCopyFilesBuildPhase section */
		D1A504222D011F9A00849EE5 /* Embed Frameworks */ = {
			isa = PBXCopyFilesBuildPhase;
			buildActionMask = 2147483647;
			dstPath = "";
			dstSubfolderSpec = 10;
			files = (
				D1A5041B2D011F9A00849EE5 /* AdventOfCode.framework in Embed Frameworks */,
				D1A5041F2D011F9A00849EE5 /* Visualization.framework in Embed Frameworks */,
			);
			name = "Embed Frameworks";
			runOnlyForDeploymentPostprocessing = 0;
		};
		D1A5050E2D08ED7100849EE5 /* Embed Frameworks */ = {
			isa = PBXCopyFilesBuildPhase;
			buildActionMask = 2147483647;
			dstPath = "";
			dstSubfolderSpec = 10;
			files = (
				D1A505072D08ED7100849EE5 /* AdventOfCode.framework in Embed Frameworks */,
				D1A5050B2D08ED7100849EE5 /* Visualization.framework in Embed Frameworks */,
			);
			name = "Embed Frameworks";
			runOnlyForDeploymentPostprocessing = 0;
		};
		D1DE36A62CFCD81C009225E4 /* Embed Frameworks */ = {
			isa = PBXCopyFilesBuildPhase;
			buildActionMask = 2147483647;
			dstPath = "";
			dstSubfolderSpec = 10;
			files = (
				D1DE36A32CFCD81C009225E4 /* Visualization.framework in Embed Frameworks */,
			);
			name = "Embed Frameworks";
			runOnlyForDeploymentPostprocessing = 0;
		};
		D1E20A482CEC16F700CB6727 /* CopyFiles */ = {
			isa = PBXCopyFilesBuildPhase;
			buildActionMask = 2147483647;
			dstPath = /usr/share/man/man1/;
			dstSubfolderSpec = 0;
			files = (
			);
			runOnlyForDeploymentPostprocessing = 1;
		};
		D1E20A552CEC177400CB6727 /* Embed Frameworks */ = {
			isa = PBXCopyFilesBuildPhase;
			buildActionMask = 2147483647;
			dstPath = "";
			dstSubfolderSpec = 10;
			files = (
				D1E20A522CEC177400CB6727 /* AdventOfCode.framework in Embed Frameworks */,
			);
			name = "Embed Frameworks";
			runOnlyForDeploymentPostprocessing = 0;
		};
		D1E20AA42CEC22DD00CB6727 /* Embed Frameworks */ = {
			isa = PBXCopyFilesBuildPhase;
			buildActionMask = 2147483647;
			dstPath = "";
			dstSubfolderSpec = 10;
			files = (
				D1E20AA12CEC22DC00CB6727 /* Visualization.framework in Embed Frameworks */,
			);
			name = "Embed Frameworks";
			runOnlyForDeploymentPostprocessing = 0;
		};
/* End PBXCopyFilesBuildPhase section */

/* Begin PBXFileReference section */
		D1A504092D011EC900849EE5 /* Day 4 Visualization.app */ = {isa = PBXFileReference; explicitFileType = wrapper.application; includeInIndex = 0; path = "Day 4 Visualization.app"; sourceTree = BUILT_PRODUCTS_DIR; };
		D1A504F72D08ED0000849EE5 /* Day 10 Visualization.app */ = {isa = PBXFileReference; explicitFileType = wrapper.application; includeInIndex = 0; path = "Day 10 Visualization.app"; sourceTree = BUILT_PRODUCTS_DIR; };
		D1E20A282CEC140400CB6727 /* AdventOfCode.framework */ = {isa = PBXFileReference; explicitFileType = wrapper.framework; includeInIndex = 0; path = AdventOfCode.framework; sourceTree = BUILT_PRODUCTS_DIR; };
		D1E20A4A2CEC16F700CB6727 /* Advent of Code CLI */ = {isa = PBXFileReference; explicitFileType = "compiled.mach-o.executable"; includeInIndex = 0; path = "Advent of Code CLI"; sourceTree = BUILT_PRODUCTS_DIR; };
		D1E20A622CEC1FEE00CB6727 /* README.md */ = {isa = PBXFileReference; lastKnownFileType = net.daringfireball.markdown; path = README.md; sourceTree = "<group>"; };
		D1E20A642CEC202600CB6727 /* LICENSE.txt */ = {isa = PBXFileReference; lastKnownFileType = text; path = LICENSE.txt; sourceTree = "<group>"; };
		D1E20A6C2CEC213700CB6727 /* Visualization.framework */ = {isa = PBXFileReference; explicitFileType = wrapper.framework; includeInIndex = 0; path = Visualization.framework; sourceTree = BUILT_PRODUCTS_DIR; };
		D1E20A912CEC228500CB6727 /* Visualization Testing.app */ = {isa = PBXFileReference; explicitFileType = wrapper.application; includeInIndex = 0; path = "Visualization Testing.app"; sourceTree = BUILT_PRODUCTS_DIR; };
		D1E20AAB2CEC23D800CB6727 /* Visualization 3D Testing.app */ = {isa = PBXFileReference; explicitFileType = wrapper.application; includeInIndex = 0; path = "Visualization 3D Testing.app"; sourceTree = BUILT_PRODUCTS_DIR; };
/* End PBXFileReference section */

/* Begin PBXFileSystemSynchronizedRootGroup section */
		D1A5040A2D011EC900849EE5 /* Day 4 Visualization */ = {
			isa = PBXFileSystemSynchronizedRootGroup;
			path = "Day 4 Visualization";
			sourceTree = "<group>";
		};
		D1A504F82D08ED0000849EE5 /* Day 10 Visualization */ = {
			isa = PBXFileSystemSynchronizedRootGroup;
			path = "Day 10 Visualization";
			sourceTree = "<group>";
		};
		D1E20A292CEC140400CB6727 /* Advent of Code */ = {
			isa = PBXFileSystemSynchronizedRootGroup;
			path = "Advent of Code";
			sourceTree = "<group>";
		};
		D1E20A4B2CEC16F700CB6727 /* Advent of Code CLI */ = {
			isa = PBXFileSystemSynchronizedRootGroup;
			path = "Advent of Code CLI";
			sourceTree = "<group>";
		};
		D1E20A6D2CEC213700CB6727 /* Visualization */ = {
			isa = PBXFileSystemSynchronizedRootGroup;
			path = Visualization;
			sourceTree = "<group>";
		};
		D1E20A922CEC228500CB6727 /* Visualization Testing */ = {
			isa = PBXFileSystemSynchronizedRootGroup;
			path = "Visualization Testing";
			sourceTree = "<group>";
		};
		D1E20AAC2CEC23D900CB6727 /* Visualization 3D Testing */ = {
			isa = PBXFileSystemSynchronizedRootGroup;
			path = "Visualization 3D Testing";
			sourceTree = "<group>";
		};
/* End PBXFileSystemSynchronizedRootGroup section */

/* Begin PBXFrameworksBuildPhase section */
		D1A504062D011EC900849EE5 /* Frameworks */ = {
			isa = PBXFrameworksBuildPhase;
			buildActionMask = 2147483647;
			files = (
				D1A5041A2D011F9A00849EE5 /* AdventOfCode.framework in Frameworks */,
				D1A5041E2D011F9A00849EE5 /* Visualization.framework in Frameworks */,
			);
			runOnlyForDeploymentPostprocessing = 0;
		};
		D1A504F42D08ED0000849EE5 /* Frameworks */ = {
			isa = PBXFrameworksBuildPhase;
			buildActionMask = 2147483647;
			files = (
				D1A505062D08ED7100849EE5 /* AdventOfCode.framework in Frameworks */,
				D1A5050A2D08ED7100849EE5 /* Visualization.framework in Frameworks */,
			);
			runOnlyForDeploymentPostprocessing = 0;
		};
		D1E20A252CEC140400CB6727 /* Frameworks */ = {
			isa = PBXFrameworksBuildPhase;
			buildActionMask = 2147483647;
			files = (
				D1E20A362CEC149300CB6727 /* Collections in Frameworks */,
				D1E20A342CEC148F00CB6727 /* Algorithms in Frameworks */,
			);
			runOnlyForDeploymentPostprocessing = 0;
		};
		D1E20A472CEC16F700CB6727 /* Frameworks */ = {
			isa = PBXFrameworksBuildPhase;
			buildActionMask = 2147483647;
			files = (
				D1E20A572CEC179B00CB6727 /* ArgumentParser in Frameworks */,
				D1E20A512CEC177400CB6727 /* AdventOfCode.framework in Frameworks */,
			);
			runOnlyForDeploymentPostprocessing = 0;
		};
		D1E20A692CEC213700CB6727 /* Frameworks */ = {
			isa = PBXFrameworksBuildPhase;
			buildActionMask = 2147483647;
			files = (
			);
			runOnlyForDeploymentPostprocessing = 0;
		};
		D1E20A8E2CEC228500CB6727 /* Frameworks */ = {
			isa = PBXFrameworksBuildPhase;
			buildActionMask = 2147483647;
			files = (
				D1E20AA02CEC22DC00CB6727 /* Visualization.framework in Frameworks */,
			);
			runOnlyForDeploymentPostprocessing = 0;
		};
		D1E20AA82CEC23D800CB6727 /* Frameworks */ = {
			isa = PBXFrameworksBuildPhase;
			buildActionMask = 2147483647;
			files = (
				D1DE36A22CFCD81C009225E4 /* Visualization.framework in Frameworks */,
			);
			runOnlyForDeploymentPostprocessing = 0;
		};
/* End PBXFrameworksBuildPhase section */

/* Begin PBXGroup section */
		D1E20A072CEC131E00CB6727 = {
			isa = PBXGroup;
			children = (
				D1E20A622CEC1FEE00CB6727 /* README.md */,
				D1E20A642CEC202600CB6727 /* LICENSE.txt */,
				D1E20A292CEC140400CB6727 /* Advent of Code */,
				D1E20A4B2CEC16F700CB6727 /* Advent of Code CLI */,
				D1E20A6D2CEC213700CB6727 /* Visualization */,
				D1A5040A2D011EC900849EE5 /* Day 4 Visualization */,
				D1A504F82D08ED0000849EE5 /* Day 10 Visualization */,
				D1E20A922CEC228500CB6727 /* Visualization Testing */,
				D1E20AAC2CEC23D900CB6727 /* Visualization 3D Testing */,
				D1E20A322CEC148F00CB6727 /* Frameworks */,
				D1E20A112CEC131E00CB6727 /* Products */,
			);
			sourceTree = "<group>";
		};
		D1E20A112CEC131E00CB6727 /* Products */ = {
			isa = PBXGroup;
			children = (
				D1E20A282CEC140400CB6727 /* AdventOfCode.framework */,
				D1E20A4A2CEC16F700CB6727 /* Advent of Code CLI */,
				D1E20A6C2CEC213700CB6727 /* Visualization.framework */,
				D1E20A912CEC228500CB6727 /* Visualization Testing.app */,
				D1E20AAB2CEC23D800CB6727 /* Visualization 3D Testing.app */,
				D1A504092D011EC900849EE5 /* Day 4 Visualization.app */,
				D1A504F72D08ED0000849EE5 /* Day 10 Visualization.app */,
			);
			name = Products;
			sourceTree = "<group>";
		};
		D1E20A322CEC148F00CB6727 /* Frameworks */ = {
			isa = PBXGroup;
			children = (
			);
			name = Frameworks;
			sourceTree = "<group>";
		};
/* End PBXGroup section */

/* Begin PBXHeadersBuildPhase section */
		D1E20A232CEC140400CB6727 /* Headers */ = {
			isa = PBXHeadersBuildPhase;
			buildActionMask = 2147483647;
			files = (
			);
			runOnlyForDeploymentPostprocessing = 0;
		};
		D1E20A672CEC213700CB6727 /* Headers */ = {
			isa = PBXHeadersBuildPhase;
			buildActionMask = 2147483647;
			files = (
			);
			runOnlyForDeploymentPostprocessing = 0;
		};
/* End PBXHeadersBuildPhase section */

/* Begin PBXNativeTarget section */
		D1A504082D011EC900849EE5 /* Day 4 Visualization */ = {
			isa = PBXNativeTarget;
			buildConfigurationList = D1A504152D011ECB00849EE5 /* Build configuration list for PBXNativeTarget "Day 4 Visualization" */;
			buildPhases = (
				D1A504052D011EC900849EE5 /* Sources */,
				D1A504062D011EC900849EE5 /* Frameworks */,
				D1A504072D011EC900849EE5 /* Resources */,
				D1A504222D011F9A00849EE5 /* Embed Frameworks */,
			);
			buildRules = (
			);
			dependencies = (
				D1A5041D2D011F9A00849EE5 /* PBXTargetDependency */,
				D1A504212D011F9A00849EE5 /* PBXTargetDependency */,
			);
			fileSystemSynchronizedGroups = (
				D1A5040A2D011EC900849EE5 /* Day 4 Visualization */,
			);
			name = "Day 4 Visualization";
			packageProductDependencies = (
			);
			productName = "Day 4 Visualization";
			productReference = D1A504092D011EC900849EE5 /* Day 4 Visualization.app */;
			productType = "com.apple.product-type.application";
		};
		D1A504F62D08ED0000849EE5 /* Day 10 Visualization */ = {
			isa = PBXNativeTarget;
			buildConfigurationList = D1A505032D08ED0200849EE5 /* Build configuration list for PBXNativeTarget "Day 10 Visualization" */;
			buildPhases = (
				D1A504F32D08ED0000849EE5 /* Sources */,
				D1A504F42D08ED0000849EE5 /* Frameworks */,
				D1A504F52D08ED0000849EE5 /* Resources */,
				D1A5050E2D08ED7100849EE5 /* Embed Frameworks */,
			);
			buildRules = (
			);
			dependencies = (
				D1A505092D08ED7100849EE5 /* PBXTargetDependency */,
				D1A5050D2D08ED7100849EE5 /* PBXTargetDependency */,
			);
			fileSystemSynchronizedGroups = (
				D1A504F82D08ED0000849EE5 /* Day 10 Visualization */,
			);
			name = "Day 10 Visualization";
			packageProductDependencies = (
			);
			productName = "Day 10 Visualization";
			productReference = D1A504F72D08ED0000849EE5 /* Day 10 Visualization.app */;
			productType = "com.apple.product-type.application";
		};
		D1E20A272CEC140400CB6727 /* Advent of Code */ = {
			isa = PBXNativeTarget;
			buildConfigurationList = D1E20A2D2CEC140400CB6727 /* Build configuration list for PBXNativeTarget "Advent of Code" */;
			buildPhases = (
				D1E20A232CEC140400CB6727 /* Headers */,
				D1E20A242CEC140400CB6727 /* Sources */,
				D1E20A252CEC140400CB6727 /* Frameworks */,
				D1E20A262CEC140400CB6727 /* Resources */,
			);
			buildRules = (
			);
			dependencies = (
			);
			fileSystemSynchronizedGroups = (
				D1E20A292CEC140400CB6727 /* Advent of Code */,
			);
			name = "Advent of Code";
			packageProductDependencies = (
				D1E20A332CEC148F00CB6727 /* Algorithms */,
				D1E20A352CEC149300CB6727 /* Collections */,
			);
			productName = "Advent of Code";
			productReference = D1E20A282CEC140400CB6727 /* AdventOfCode.framework */;
			productType = "com.apple.product-type.framework";
		};
		D1E20A492CEC16F700CB6727 /* Advent of Code CLI */ = {
			isa = PBXNativeTarget;
			buildConfigurationList = D1E20A4E2CEC16F700CB6727 /* Build configuration list for PBXNativeTarget "Advent of Code CLI" */;
			buildPhases = (
				D1E20A462CEC16F700CB6727 /* Sources */,
				D1E20A472CEC16F700CB6727 /* Frameworks */,
				D1E20A482CEC16F700CB6727 /* CopyFiles */,
				D1E20A552CEC177400CB6727 /* Embed Frameworks */,
			);
			buildRules = (
			);
			dependencies = (
				D1E20A542CEC177400CB6727 /* PBXTargetDependency */,
			);
			fileSystemSynchronizedGroups = (
				D1E20A4B2CEC16F700CB6727 /* Advent of Code CLI */,
			);
			name = "Advent of Code CLI";
			packageProductDependencies = (
				D1E20A562CEC179B00CB6727 /* ArgumentParser */,
			);
			productName = "Advent of Code CLI";
			productReference = D1E20A4A2CEC16F700CB6727 /* Advent of Code CLI */;
			productType = "com.apple.product-type.tool";
		};
		D1E20A6B2CEC213700CB6727 /* Visualization */ = {
			isa = PBXNativeTarget;
			buildConfigurationList = D1E20A712CEC213700CB6727 /* Build configuration list for PBXNativeTarget "Visualization" */;
			buildPhases = (
				D1E20A672CEC213700CB6727 /* Headers */,
				D1E20A682CEC213700CB6727 /* Sources */,
				D1E20A692CEC213700CB6727 /* Frameworks */,
				D1E20A6A2CEC213700CB6727 /* Resources */,
			);
			buildRules = (
			);
			dependencies = (
			);
			fileSystemSynchronizedGroups = (
				D1E20A6D2CEC213700CB6727 /* Visualization */,
			);
			name = Visualization;
			packageProductDependencies = (
			);
			productName = Visualization;
			productReference = D1E20A6C2CEC213700CB6727 /* Visualization.framework */;
			productType = "com.apple.product-type.framework";
		};
		D1E20A902CEC228500CB6727 /* Visualization Testing */ = {
			isa = PBXNativeTarget;
			buildConfigurationList = D1E20A9D2CEC228600CB6727 /* Build configuration list for PBXNativeTarget "Visualization Testing" */;
			buildPhases = (
				D1E20A8D2CEC228500CB6727 /* Sources */,
				D1E20A8E2CEC228500CB6727 /* Frameworks */,
				D1E20A8F2CEC228500CB6727 /* Resources */,
				D1E20AA42CEC22DD00CB6727 /* Embed Frameworks */,
			);
			buildRules = (
			);
			dependencies = (
				D1E20AA32CEC22DC00CB6727 /* PBXTargetDependency */,
			);
			fileSystemSynchronizedGroups = (
				D1E20A922CEC228500CB6727 /* Visualization Testing */,
			);
			name = "Visualization Testing";
			packageProductDependencies = (
			);
			productName = "Visualization Testing";
			productReference = D1E20A912CEC228500CB6727 /* Visualization Testing.app */;
			productType = "com.apple.product-type.application";
		};
		D1E20AAA2CEC23D800CB6727 /* Visualization 3D Testing */ = {
			isa = PBXNativeTarget;
			buildConfigurationList = D1E20AB72CEC23DA00CB6727 /* Build configuration list for PBXNativeTarget "Visualization 3D Testing" */;
			buildPhases = (
				D1E20AA72CEC23D800CB6727 /* Sources */,
				D1E20AA82CEC23D800CB6727 /* Frameworks */,
				D1E20AA92CEC23D800CB6727 /* Resources */,
				D1DE36A62CFCD81C009225E4 /* Embed Frameworks */,
			);
			buildRules = (
			);
			dependencies = (
				D1DE36A52CFCD81C009225E4 /* PBXTargetDependency */,
			);
			fileSystemSynchronizedGroups = (
				D1E20AAC2CEC23D900CB6727 /* Visualization 3D Testing */,
			);
			name = "Visualization 3D Testing";
			packageProductDependencies = (
			);
			productName = "Visualization 3D Testing";
			productReference = D1E20AAB2CEC23D800CB6727 /* Visualization 3D Testing.app */;
			productType = "com.apple.product-type.application";
		};
/* End PBXNativeTarget section */

/* Begin PBXProject section */
		D1E20A082CEC131E00CB6727 /* Project object */ = {
			isa = PBXProject;
			attributes = {
				BuildIndependentTargetsInParallel = 1;
				LastSwiftUpdateCheck = 1610;
				LastUpgradeCheck = 1610;
				TargetAttributes = {
					D1A504082D011EC900849EE5 = {
						CreatedOnToolsVersion = 16.1;
					};
					D1A504F62D08ED0000849EE5 = {
						CreatedOnToolsVersion = 16.1;
					};
					D1E20A272CEC140400CB6727 = {
						CreatedOnToolsVersion = 16.1;
						LastSwiftMigration = 1610;
					};
					D1E20A492CEC16F700CB6727 = {
						CreatedOnToolsVersion = 16.1;
					};
					D1E20A6B2CEC213700CB6727 = {
						CreatedOnToolsVersion = 16.1;
						LastSwiftMigration = 1610;
					};
					D1E20A902CEC228500CB6727 = {
						CreatedOnToolsVersion = 16.1;
					};
					D1E20AAA2CEC23D800CB6727 = {
						CreatedOnToolsVersion = 16.1;
					};
				};
			};
			buildConfigurationList = D1E20A0B2CEC131E00CB6727 /* Build configuration list for PBXProject "Advent of Code 2024" */;
			developmentRegion = en;
			hasScannedForEncodings = 0;
			knownRegions = (
				en,
				Base,
			);
			mainGroup = D1E20A072CEC131E00CB6727;
			minimizedProjectReferenceProxies = 1;
			packageReferences = (
				D1E20A1A2CEC138700CB6727 /* XCRemoteSwiftPackageReference "swift-argument-parser" */,
				D1E20A1D2CEC13AE00CB6727 /* XCRemoteSwiftPackageReference "swift-collections" */,
				D1E20A202CEC13BF00CB6727 /* XCRemoteSwiftPackageReference "swift-algorithms" */,
			);
			preferredProjectObjectVersion = 77;
			productRefGroup = D1E20A112CEC131E00CB6727 /* Products */;
			projectDirPath = "";
			projectRoot = "";
			targets = (
				D1E20A272CEC140400CB6727 /* Advent of Code */,
				D1E20A492CEC16F700CB6727 /* Advent of Code CLI */,
				D1E20A6B2CEC213700CB6727 /* Visualization */,
				D1A504082D011EC900849EE5 /* Day 4 Visualization */,
				D1A504F62D08ED0000849EE5 /* Day 10 Visualization */,
				D1E20A902CEC228500CB6727 /* Visualization Testing */,
				D1E20AAA2CEC23D800CB6727 /* Visualization 3D Testing */,
			);
		};
/* End PBXProject section */

/* Begin PBXResourcesBuildPhase section */
		D1A504072D011EC900849EE5 /* Resources */ = {
			isa = PBXResourcesBuildPhase;
			buildActionMask = 2147483647;
			files = (
			);
			runOnlyForDeploymentPostprocessing = 0;
		};
		D1A504F52D08ED0000849EE5 /* Resources */ = {
			isa = PBXResourcesBuildPhase;
			buildActionMask = 2147483647;
			files = (
			);
			runOnlyForDeploymentPostprocessing = 0;
		};
		D1E20A262CEC140400CB6727 /* Resources */ = {
			isa = PBXResourcesBuildPhase;
			buildActionMask = 2147483647;
			files = (
				D1E20A652CEC202A00CB6727 /* LICENSE.txt in Resources */,
				D1E20A632CEC1FF200CB6727 /* README.md in Resources */,
			);
			runOnlyForDeploymentPostprocessing = 0;
		};
		D1E20A6A2CEC213700CB6727 /* Resources */ = {
			isa = PBXResourcesBuildPhase;
			buildActionMask = 2147483647;
			files = (
			);
			runOnlyForDeploymentPostprocessing = 0;
		};
		D1E20A8F2CEC228500CB6727 /* Resources */ = {
			isa = PBXResourcesBuildPhase;
			buildActionMask = 2147483647;
			files = (
			);
			runOnlyForDeploymentPostprocessing = 0;
		};
		D1E20AA92CEC23D800CB6727 /* Resources */ = {
			isa = PBXResourcesBuildPhase;
			buildActionMask = 2147483647;
			files = (
			);
			runOnlyForDeploymentPostprocessing = 0;
		};
/* End PBXResourcesBuildPhase section */

/* Begin PBXSourcesBuildPhase section */
		D1A504052D011EC900849EE5 /* Sources */ = {
			isa = PBXSourcesBuildPhase;
			buildActionMask = 2147483647;
			files = (
			);
			runOnlyForDeploymentPostprocessing = 0;
		};
		D1A504F32D08ED0000849EE5 /* Sources */ = {
			isa = PBXSourcesBuildPhase;
			buildActionMask = 2147483647;
			files = (
			);
			runOnlyForDeploymentPostprocessing = 0;
		};
		D1E20A242CEC140400CB6727 /* Sources */ = {
			isa = PBXSourcesBuildPhase;
			buildActionMask = 2147483647;
			files = (
			);
			runOnlyForDeploymentPostprocessing = 0;
		};
		D1E20A462CEC16F700CB6727 /* Sources */ = {
			isa = PBXSourcesBuildPhase;
			buildActionMask = 2147483647;
			files = (
			);
			runOnlyForDeploymentPostprocessing = 0;
		};
		D1E20A682CEC213700CB6727 /* Sources */ = {
			isa = PBXSourcesBuildPhase;
			buildActionMask = 2147483647;
			files = (
			);
			runOnlyForDeploymentPostprocessing = 0;
		};
		D1E20A8D2CEC228500CB6727 /* Sources */ = {
			isa = PBXSourcesBuildPhase;
			buildActionMask = 2147483647;
			files = (
			);
			runOnlyForDeploymentPostprocessing = 0;
		};
		D1E20AA72CEC23D800CB6727 /* Sources */ = {
			isa = PBXSourcesBuildPhase;
			buildActionMask = 2147483647;
			files = (
			);
			runOnlyForDeploymentPostprocessing = 0;
		};
/* End PBXSourcesBuildPhase section */

/* Begin PBXTargetDependency section */
		D1A5041D2D011F9A00849EE5 /* PBXTargetDependency */ = {
			isa = PBXTargetDependency;
			target = D1E20A272CEC140400CB6727 /* Advent of Code */;
			targetProxy = D1A5041C2D011F9A00849EE5 /* PBXContainerItemProxy */;
		};
		D1A504212D011F9A00849EE5 /* PBXTargetDependency */ = {
			isa = PBXTargetDependency;
			target = D1E20A6B2CEC213700CB6727 /* Visualization */;
			targetProxy = D1A504202D011F9A00849EE5 /* PBXContainerItemProxy */;
		};
		D1A505092D08ED7100849EE5 /* PBXTargetDependency */ = {
			isa = PBXTargetDependency;
			target = D1E20A272CEC140400CB6727 /* Advent of Code */;
			targetProxy = D1A505082D08ED7100849EE5 /* PBXContainerItemProxy */;
		};
		D1A5050D2D08ED7100849EE5 /* PBXTargetDependency */ = {
			isa = PBXTargetDependency;
			target = D1E20A6B2CEC213700CB6727 /* Visualization */;
			targetProxy = D1A5050C2D08ED7100849EE5 /* PBXContainerItemProxy */;
		};
		D1DE36A52CFCD81C009225E4 /* PBXTargetDependency */ = {
			isa = PBXTargetDependency;
			target = D1E20A6B2CEC213700CB6727 /* Visualization */;
			targetProxy = D1DE36A42CFCD81C009225E4 /* PBXContainerItemProxy */;
		};
		D1E20A542CEC177400CB6727 /* PBXTargetDependency */ = {
			isa = PBXTargetDependency;
			target = D1E20A272CEC140400CB6727 /* Advent of Code */;
			targetProxy = D1E20A532CEC177400CB6727 /* PBXContainerItemProxy */;
		};
		D1E20AA32CEC22DC00CB6727 /* PBXTargetDependency */ = {
			isa = PBXTargetDependency;
			target = D1E20A6B2CEC213700CB6727 /* Visualization */;
			targetProxy = D1E20AA22CEC22DC00CB6727 /* PBXContainerItemProxy */;
		};
/* End PBXTargetDependency section */

/* Begin XCBuildConfiguration section */
		D1A504162D011ECB00849EE5 /* Debug */ = {
			isa = XCBuildConfiguration;
			buildSettings = {
				ASSETCATALOG_COMPILER_APPICON_NAME = AppIcon;
				ASSETCATALOG_COMPILER_GLOBAL_ACCENT_COLOR_NAME = AccentColor;
				CODE_SIGN_ENTITLEMENTS = "Day 4 Visualization/Day4Visualization.entitlements";
				CODE_SIGN_STYLE = Automatic;
				CURRENT_PROJECT_VERSION = 1;
				DEVELOPMENT_ASSET_PATHS = "\"Day 4 Visualization/Preview Content\"";
				DEVELOPMENT_TEAM = GE3GZ86XX9;
				ENABLE_HARDENED_RUNTIME = YES;
				ENABLE_PREVIEWS = YES;
				GENERATE_INFOPLIST_FILE = YES;
				"INFOPLIST_KEY_UIApplicationSceneManifest_Generation[sdk=iphoneos*]" = YES;
				"INFOPLIST_KEY_UIApplicationSceneManifest_Generation[sdk=iphonesimulator*]" = YES;
				"INFOPLIST_KEY_UIApplicationSupportsIndirectInputEvents[sdk=iphoneos*]" = YES;
				"INFOPLIST_KEY_UIApplicationSupportsIndirectInputEvents[sdk=iphonesimulator*]" = YES;
				"INFOPLIST_KEY_UILaunchScreen_Generation[sdk=iphoneos*]" = YES;
				"INFOPLIST_KEY_UILaunchScreen_Generation[sdk=iphonesimulator*]" = YES;
				"INFOPLIST_KEY_UIStatusBarStyle[sdk=iphoneos*]" = UIStatusBarStyleDefault;
				"INFOPLIST_KEY_UIStatusBarStyle[sdk=iphonesimulator*]" = UIStatusBarStyleDefault;
				INFOPLIST_KEY_UISupportedInterfaceOrientations_iPad = "UIInterfaceOrientationPortrait UIInterfaceOrientationPortraitUpsideDown UIInterfaceOrientationLandscapeLeft UIInterfaceOrientationLandscapeRight";
				INFOPLIST_KEY_UISupportedInterfaceOrientations_iPhone = "UIInterfaceOrientationPortrait UIInterfaceOrientationLandscapeLeft UIInterfaceOrientationLandscapeRight";
				IPHONEOS_DEPLOYMENT_TARGET = 18.1;
				LD_RUNPATH_SEARCH_PATHS = "@executable_path/Frameworks";
				"LD_RUNPATH_SEARCH_PATHS[sdk=macosx*]" = "@executable_path/../Frameworks";
				MACOSX_DEPLOYMENT_TARGET = 15.1;
				MARKETING_VERSION = 1.0;
				PRODUCT_BUNDLE_IDENTIFIER = "us.gerstacker.advent-of-code.2024.day-4-visualization";
				PRODUCT_NAME = "$(TARGET_NAME)";
				SDKROOT = auto;
				SUPPORTED_PLATFORMS = "iphoneos iphonesimulator macosx xros xrsimulator";
				SWIFT_EMIT_LOC_STRINGS = YES;
				SWIFT_VERSION = 5.0;
				TARGETED_DEVICE_FAMILY = "1,2,7";
				XROS_DEPLOYMENT_TARGET = 2.1;
			};
			name = Debug;
		};
		D1A504172D011ECB00849EE5 /* Release */ = {
			isa = XCBuildConfiguration;
			buildSettings = {
				ASSETCATALOG_COMPILER_APPICON_NAME = AppIcon;
				ASSETCATALOG_COMPILER_GLOBAL_ACCENT_COLOR_NAME = AccentColor;
				CODE_SIGN_ENTITLEMENTS = "Day 4 Visualization/Day4Visualization.entitlements";
				CODE_SIGN_STYLE = Automatic;
				CURRENT_PROJECT_VERSION = 1;
				DEVELOPMENT_ASSET_PATHS = "\"Day 4 Visualization/Preview Content\"";
				DEVELOPMENT_TEAM = GE3GZ86XX9;
				ENABLE_HARDENED_RUNTIME = YES;
				ENABLE_PREVIEWS = YES;
				GENERATE_INFOPLIST_FILE = YES;
				"INFOPLIST_KEY_UIApplicationSceneManifest_Generation[sdk=iphoneos*]" = YES;
				"INFOPLIST_KEY_UIApplicationSceneManifest_Generation[sdk=iphonesimulator*]" = YES;
				"INFOPLIST_KEY_UIApplicationSupportsIndirectInputEvents[sdk=iphoneos*]" = YES;
				"INFOPLIST_KEY_UIApplicationSupportsIndirectInputEvents[sdk=iphonesimulator*]" = YES;
				"INFOPLIST_KEY_UILaunchScreen_Generation[sdk=iphoneos*]" = YES;
				"INFOPLIST_KEY_UILaunchScreen_Generation[sdk=iphonesimulator*]" = YES;
				"INFOPLIST_KEY_UIStatusBarStyle[sdk=iphoneos*]" = UIStatusBarStyleDefault;
				"INFOPLIST_KEY_UIStatusBarStyle[sdk=iphonesimulator*]" = UIStatusBarStyleDefault;
				INFOPLIST_KEY_UISupportedInterfaceOrientations_iPad = "UIInterfaceOrientationPortrait UIInterfaceOrientationPortraitUpsideDown UIInterfaceOrientationLandscapeLeft UIInterfaceOrientationLandscapeRight";
				INFOPLIST_KEY_UISupportedInterfaceOrientations_iPhone = "UIInterfaceOrientationPortrait UIInterfaceOrientationLandscapeLeft UIInterfaceOrientationLandscapeRight";
				IPHONEOS_DEPLOYMENT_TARGET = 18.1;
				LD_RUNPATH_SEARCH_PATHS = "@executable_path/Frameworks";
				"LD_RUNPATH_SEARCH_PATHS[sdk=macosx*]" = "@executable_path/../Frameworks";
				MACOSX_DEPLOYMENT_TARGET = 15.1;
				MARKETING_VERSION = 1.0;
				PRODUCT_BUNDLE_IDENTIFIER = "us.gerstacker.advent-of-code.2024.day-4-visualization";
				PRODUCT_NAME = "$(TARGET_NAME)";
				SDKROOT = auto;
				SUPPORTED_PLATFORMS = "iphoneos iphonesimulator macosx xros xrsimulator";
				SWIFT_EMIT_LOC_STRINGS = YES;
				SWIFT_VERSION = 5.0;
				TARGETED_DEVICE_FAMILY = "1,2,7";
				XROS_DEPLOYMENT_TARGET = 2.1;
			};
			name = Release;
		};
		D1A505042D08ED0200849EE5 /* Debug */ = {
			isa = XCBuildConfiguration;
			buildSettings = {
				ASSETCATALOG_COMPILER_APPICON_NAME = AppIcon;
				ASSETCATALOG_COMPILER_GLOBAL_ACCENT_COLOR_NAME = AccentColor;
				CODE_SIGN_ENTITLEMENTS = "Day 10 Visualization/Day10Visualization.entitlements";
				CODE_SIGN_STYLE = Automatic;
				CURRENT_PROJECT_VERSION = 1;
				DEVELOPMENT_ASSET_PATHS = "\"Day 10 Visualization/Preview Content\"";
				DEVELOPMENT_TEAM = GE3GZ86XX9;
				ENABLE_HARDENED_RUNTIME = YES;
				ENABLE_PREVIEWS = YES;
				GENERATE_INFOPLIST_FILE = YES;
				"INFOPLIST_KEY_UIApplicationSceneManifest_Generation[sdk=iphoneos*]" = YES;
				"INFOPLIST_KEY_UIApplicationSceneManifest_Generation[sdk=iphonesimulator*]" = YES;
				"INFOPLIST_KEY_UIApplicationSupportsIndirectInputEvents[sdk=iphoneos*]" = YES;
				"INFOPLIST_KEY_UIApplicationSupportsIndirectInputEvents[sdk=iphonesimulator*]" = YES;
				"INFOPLIST_KEY_UILaunchScreen_Generation[sdk=iphoneos*]" = YES;
				"INFOPLIST_KEY_UILaunchScreen_Generation[sdk=iphonesimulator*]" = YES;
				"INFOPLIST_KEY_UIStatusBarStyle[sdk=iphoneos*]" = UIStatusBarStyleDefault;
				"INFOPLIST_KEY_UIStatusBarStyle[sdk=iphonesimulator*]" = UIStatusBarStyleDefault;
				INFOPLIST_KEY_UISupportedInterfaceOrientations_iPad = "UIInterfaceOrientationPortrait UIInterfaceOrientationPortraitUpsideDown UIInterfaceOrientationLandscapeLeft UIInterfaceOrientationLandscapeRight";
				INFOPLIST_KEY_UISupportedInterfaceOrientations_iPhone = "UIInterfaceOrientationPortrait UIInterfaceOrientationLandscapeLeft UIInterfaceOrientationLandscapeRight";
				IPHONEOS_DEPLOYMENT_TARGET = 18.1;
				LD_RUNPATH_SEARCH_PATHS = "@executable_path/Frameworks";
				"LD_RUNPATH_SEARCH_PATHS[sdk=macosx*]" = "@executable_path/../Frameworks";
				MACOSX_DEPLOYMENT_TARGET = 15.1;
				MARKETING_VERSION = 1.0;
				PRODUCT_BUNDLE_IDENTIFIER = "us.gerstacker.advent-of-code.2024.day-10-visualization";
				PRODUCT_NAME = "$(TARGET_NAME)";
				SDKROOT = auto;
				SUPPORTED_PLATFORMS = "iphoneos iphonesimulator macosx xros xrsimulator";
				SWIFT_EMIT_LOC_STRINGS = YES;
				SWIFT_VERSION = 5.0;
				TARGETED_DEVICE_FAMILY = "1,2,7";
				XROS_DEPLOYMENT_TARGET = 2.1;
			};
			name = Debug;
		};
		D1A505052D08ED0200849EE5 /* Release */ = {
			isa = XCBuildConfiguration;
			buildSettings = {
				ASSETCATALOG_COMPILER_APPICON_NAME = AppIcon;
				ASSETCATALOG_COMPILER_GLOBAL_ACCENT_COLOR_NAME = AccentColor;
				CODE_SIGN_ENTITLEMENTS = "Day 10 Visualization/Day10Visualization.entitlements";
				CODE_SIGN_STYLE = Automatic;
				CURRENT_PROJECT_VERSION = 1;
				DEVELOPMENT_ASSET_PATHS = "\"Day 10 Visualization/Preview Content\"";
				DEVELOPMENT_TEAM = GE3GZ86XX9;
				ENABLE_HARDENED_RUNTIME = YES;
				ENABLE_PREVIEWS = YES;
				GENERATE_INFOPLIST_FILE = YES;
				"INFOPLIST_KEY_UIApplicationSceneManifest_Generation[sdk=iphoneos*]" = YES;
				"INFOPLIST_KEY_UIApplicationSceneManifest_Generation[sdk=iphonesimulator*]" = YES;
				"INFOPLIST_KEY_UIApplicationSupportsIndirectInputEvents[sdk=iphoneos*]" = YES;
				"INFOPLIST_KEY_UIApplicationSupportsIndirectInputEvents[sdk=iphonesimulator*]" = YES;
				"INFOPLIST_KEY_UILaunchScreen_Generation[sdk=iphoneos*]" = YES;
				"INFOPLIST_KEY_UILaunchScreen_Generation[sdk=iphonesimulator*]" = YES;
				"INFOPLIST_KEY_UIStatusBarStyle[sdk=iphoneos*]" = UIStatusBarStyleDefault;
				"INFOPLIST_KEY_UIStatusBarStyle[sdk=iphonesimulator*]" = UIStatusBarStyleDefault;
				INFOPLIST_KEY_UISupportedInterfaceOrientations_iPad = "UIInterfaceOrientationPortrait UIInterfaceOrientationPortraitUpsideDown UIInterfaceOrientationLandscapeLeft UIInterfaceOrientationLandscapeRight";
				INFOPLIST_KEY_UISupportedInterfaceOrientations_iPhone = "UIInterfaceOrientationPortrait UIInterfaceOrientationLandscapeLeft UIInterfaceOrientationLandscapeRight";
				IPHONEOS_DEPLOYMENT_TARGET = 18.1;
				LD_RUNPATH_SEARCH_PATHS = "@executable_path/Frameworks";
				"LD_RUNPATH_SEARCH_PATHS[sdk=macosx*]" = "@executable_path/../Frameworks";
				MACOSX_DEPLOYMENT_TARGET = 15.1;
				MARKETING_VERSION = 1.0;
				PRODUCT_BUNDLE_IDENTIFIER = "us.gerstacker.advent-of-code.2024.day-10-visualization";
				PRODUCT_NAME = "$(TARGET_NAME)";
				SDKROOT = auto;
				SUPPORTED_PLATFORMS = "iphoneos iphonesimulator macosx xros xrsimulator";
				SWIFT_EMIT_LOC_STRINGS = YES;
				SWIFT_VERSION = 5.0;
				TARGETED_DEVICE_FAMILY = "1,2,7";
				XROS_DEPLOYMENT_TARGET = 2.1;
			};
			name = Release;
		};
		D1E20A152CEC131E00CB6727 /* Debug */ = {
			isa = XCBuildConfiguration;
			buildSettings = {
				ALWAYS_SEARCH_USER_PATHS = NO;
				ASSETCATALOG_COMPILER_GENERATE_SWIFT_ASSET_SYMBOL_EXTENSIONS = YES;
				CLANG_ANALYZER_NONNULL = YES;
				CLANG_ANALYZER_NUMBER_OBJECT_CONVERSION = YES_AGGRESSIVE;
				CLANG_CXX_LANGUAGE_STANDARD = "gnu++20";
				CLANG_ENABLE_MODULES = YES;
				CLANG_ENABLE_OBJC_ARC = YES;
				CLANG_ENABLE_OBJC_WEAK = YES;
				CLANG_WARN_BLOCK_CAPTURE_AUTORELEASING = YES;
				CLANG_WARN_BOOL_CONVERSION = YES;
				CLANG_WARN_COMMA = YES;
				CLANG_WARN_CONSTANT_CONVERSION = YES;
				CLANG_WARN_DEPRECATED_OBJC_IMPLEMENTATIONS = YES;
				CLANG_WARN_DIRECT_OBJC_ISA_USAGE = YES_ERROR;
				CLANG_WARN_DOCUMENTATION_COMMENTS = YES;
				CLANG_WARN_EMPTY_BODY = YES;
				CLANG_WARN_ENUM_CONVERSION = YES;
				CLANG_WARN_INFINITE_RECURSION = YES;
				CLANG_WARN_INT_CONVERSION = YES;
				CLANG_WARN_NON_LITERAL_NULL_CONVERSION = YES;
				CLANG_WARN_OBJC_IMPLICIT_RETAIN_SELF = YES;
				CLANG_WARN_OBJC_LITERAL_CONVERSION = YES;
				CLANG_WARN_OBJC_ROOT_CLASS = YES_ERROR;
				CLANG_WARN_QUOTED_INCLUDE_IN_FRAMEWORK_HEADER = YES;
				CLANG_WARN_RANGE_LOOP_ANALYSIS = YES;
				CLANG_WARN_STRICT_PROTOTYPES = YES;
				CLANG_WARN_SUSPICIOUS_MOVE = YES;
				CLANG_WARN_UNGUARDED_AVAILABILITY = YES_AGGRESSIVE;
				CLANG_WARN_UNREACHABLE_CODE = YES;
				CLANG_WARN__DUPLICATE_METHOD_MATCH = YES;
				COPY_PHASE_STRIP = NO;
				DEBUG_INFORMATION_FORMAT = dwarf;
				ENABLE_STRICT_OBJC_MSGSEND = YES;
				ENABLE_TESTABILITY = YES;
				ENABLE_USER_SCRIPT_SANDBOXING = YES;
				GCC_C_LANGUAGE_STANDARD = gnu17;
				GCC_DYNAMIC_NO_PIC = NO;
				GCC_NO_COMMON_BLOCKS = YES;
				GCC_OPTIMIZATION_LEVEL = 0;
				GCC_PREPROCESSOR_DEFINITIONS = (
					"DEBUG=1",
					"$(inherited)",
				);
				GCC_WARN_64_TO_32_BIT_CONVERSION = YES;
				GCC_WARN_ABOUT_RETURN_TYPE = YES_ERROR;
				GCC_WARN_UNDECLARED_SELECTOR = YES;
				GCC_WARN_UNINITIALIZED_AUTOS = YES_AGGRESSIVE;
				GCC_WARN_UNUSED_FUNCTION = YES;
				GCC_WARN_UNUSED_VARIABLE = YES;
				LOCALIZATION_PREFERS_STRING_CATALOGS = YES;
				MACOSX_DEPLOYMENT_TARGET = 15.1;
				MTL_ENABLE_DEBUG_INFO = INCLUDE_SOURCE;
				MTL_FAST_MATH = YES;
				ONLY_ACTIVE_ARCH = YES;
				SDKROOT = macosx;
				SWIFT_ACTIVE_COMPILATION_CONDITIONS = "DEBUG $(inherited)";
				SWIFT_OPTIMIZATION_LEVEL = "-Onone";
			};
			name = Debug;
		};
		D1E20A162CEC131E00CB6727 /* Release */ = {
			isa = XCBuildConfiguration;
			buildSettings = {
				ALWAYS_SEARCH_USER_PATHS = NO;
				ASSETCATALOG_COMPILER_GENERATE_SWIFT_ASSET_SYMBOL_EXTENSIONS = YES;
				CLANG_ANALYZER_NONNULL = YES;
				CLANG_ANALYZER_NUMBER_OBJECT_CONVERSION = YES_AGGRESSIVE;
				CLANG_CXX_LANGUAGE_STANDARD = "gnu++20";
				CLANG_ENABLE_MODULES = YES;
				CLANG_ENABLE_OBJC_ARC = YES;
				CLANG_ENABLE_OBJC_WEAK = YES;
				CLANG_WARN_BLOCK_CAPTURE_AUTORELEASING = YES;
				CLANG_WARN_BOOL_CONVERSION = YES;
				CLANG_WARN_COMMA = YES;
				CLANG_WARN_CONSTANT_CONVERSION = YES;
				CLANG_WARN_DEPRECATED_OBJC_IMPLEMENTATIONS = YES;
				CLANG_WARN_DIRECT_OBJC_ISA_USAGE = YES_ERROR;
				CLANG_WARN_DOCUMENTATION_COMMENTS = YES;
				CLANG_WARN_EMPTY_BODY = YES;
				CLANG_WARN_ENUM_CONVERSION = YES;
				CLANG_WARN_INFINITE_RECURSION = YES;
				CLANG_WARN_INT_CONVERSION = YES;
				CLANG_WARN_NON_LITERAL_NULL_CONVERSION = YES;
				CLANG_WARN_OBJC_IMPLICIT_RETAIN_SELF = YES;
				CLANG_WARN_OBJC_LITERAL_CONVERSION = YES;
				CLANG_WARN_OBJC_ROOT_CLASS = YES_ERROR;
				CLANG_WARN_QUOTED_INCLUDE_IN_FRAMEWORK_HEADER = YES;
				CLANG_WARN_RANGE_LOOP_ANALYSIS = YES;
				CLANG_WARN_STRICT_PROTOTYPES = YES;
				CLANG_WARN_SUSPICIOUS_MOVE = YES;
				CLANG_WARN_UNGUARDED_AVAILABILITY = YES_AGGRESSIVE;
				CLANG_WARN_UNREACHABLE_CODE = YES;
				CLANG_WARN__DUPLICATE_METHOD_MATCH = YES;
				COPY_PHASE_STRIP = NO;
				DEBUG_INFORMATION_FORMAT = "dwarf-with-dsym";
				ENABLE_NS_ASSERTIONS = NO;
				ENABLE_STRICT_OBJC_MSGSEND = YES;
				ENABLE_USER_SCRIPT_SANDBOXING = YES;
				GCC_C_LANGUAGE_STANDARD = gnu17;
				GCC_NO_COMMON_BLOCKS = YES;
				GCC_WARN_64_TO_32_BIT_CONVERSION = YES;
				GCC_WARN_ABOUT_RETURN_TYPE = YES_ERROR;
				GCC_WARN_UNDECLARED_SELECTOR = YES;
				GCC_WARN_UNINITIALIZED_AUTOS = YES_AGGRESSIVE;
				GCC_WARN_UNUSED_FUNCTION = YES;
				GCC_WARN_UNUSED_VARIABLE = YES;
				LOCALIZATION_PREFERS_STRING_CATALOGS = YES;
				MACOSX_DEPLOYMENT_TARGET = 15.1;
				MTL_ENABLE_DEBUG_INFO = NO;
				MTL_FAST_MATH = YES;
				SDKROOT = macosx;
				SWIFT_COMPILATION_MODE = wholemodule;
			};
			name = Release;
		};
		D1E20A2E2CEC140400CB6727 /* Debug */ = {
			isa = XCBuildConfiguration;
			buildSettings = {
				ALLOW_TARGET_PLATFORM_SPECIALIZATION = YES;
				BUILD_LIBRARY_FOR_DISTRIBUTION = YES;
				CLANG_ENABLE_MODULES = YES;
				CODE_SIGN_STYLE = Automatic;
				CURRENT_PROJECT_VERSION = 1;
				DEFINES_MODULE = NO;
				DEVELOPMENT_TEAM = GE3GZ86XX9;
				DYLIB_COMPATIBILITY_VERSION = 1;
				DYLIB_CURRENT_VERSION = 1;
				DYLIB_INSTALL_NAME_BASE = "@rpath";
				ENABLE_MODULE_VERIFIER = YES;
				GENERATE_INFOPLIST_FILE = YES;
				INFOPLIST_KEY_NSHumanReadableCopyright = "";
				INSTALL_PATH = "$(LOCAL_LIBRARY_DIR)/Frameworks";
				IPHONEOS_DEPLOYMENT_TARGET = 18.0;
				LD_RUNPATH_SEARCH_PATHS = (
					"@executable_path/Frameworks",
					"@loader_path/Frameworks",
				);
				"LD_RUNPATH_SEARCH_PATHS[sdk=macosx*]" = (
					"@executable_path/../Frameworks",
					"@loader_path/Frameworks",
				);
				MACOSX_DEPLOYMENT_TARGET = 15.0;
				MARKETING_VERSION = 1.0;
				MODULE_VERIFIER_SUPPORTED_LANGUAGES = "objective-c objective-c++";
				MODULE_VERIFIER_SUPPORTED_LANGUAGE_STANDARDS = "gnu17 gnu++20";
				PRODUCT_BUNDLE_IDENTIFIER = "us.gerstacker.advent-of-code.2024";
				PRODUCT_MODULE_NAME = AdventOfCode;
				PRODUCT_NAME = AdventOfCode;
				SDKROOT = auto;
				SKIP_INSTALL = YES;
				SUPPORTED_PLATFORMS = "iphoneos iphonesimulator macosx xros xrsimulator";
				SWIFT_EMIT_LOC_STRINGS = YES;
				SWIFT_INSTALL_OBJC_HEADER = NO;
				SWIFT_OPTIMIZATION_LEVEL = "-Onone";
				SWIFT_VERSION = 6.0;
				TARGETED_DEVICE_FAMILY = "1,2,7";
				VERSIONING_SYSTEM = "apple-generic";
				VERSION_INFO_PREFIX = "";
				XROS_DEPLOYMENT_TARGET = 2.0;
			};
			name = Debug;
		};
		D1E20A2F2CEC140400CB6727 /* Release */ = {
			isa = XCBuildConfiguration;
			buildSettings = {
				ALLOW_TARGET_PLATFORM_SPECIALIZATION = YES;
				BUILD_LIBRARY_FOR_DISTRIBUTION = YES;
				CLANG_ENABLE_MODULES = YES;
				CODE_SIGN_STYLE = Automatic;
				CURRENT_PROJECT_VERSION = 1;
				DEFINES_MODULE = NO;
				DEVELOPMENT_TEAM = GE3GZ86XX9;
				DYLIB_COMPATIBILITY_VERSION = 1;
				DYLIB_CURRENT_VERSION = 1;
				DYLIB_INSTALL_NAME_BASE = "@rpath";
				ENABLE_MODULE_VERIFIER = YES;
				GENERATE_INFOPLIST_FILE = YES;
				INFOPLIST_KEY_NSHumanReadableCopyright = "";
				INSTALL_PATH = "$(LOCAL_LIBRARY_DIR)/Frameworks";
				IPHONEOS_DEPLOYMENT_TARGET = 18.0;
				LD_RUNPATH_SEARCH_PATHS = (
					"@executable_path/Frameworks",
					"@loader_path/Frameworks",
				);
				"LD_RUNPATH_SEARCH_PATHS[sdk=macosx*]" = (
					"@executable_path/../Frameworks",
					"@loader_path/Frameworks",
				);
				MACOSX_DEPLOYMENT_TARGET = 15.0;
				MARKETING_VERSION = 1.0;
				MODULE_VERIFIER_SUPPORTED_LANGUAGES = "objective-c objective-c++";
				MODULE_VERIFIER_SUPPORTED_LANGUAGE_STANDARDS = "gnu17 gnu++20";
				PRODUCT_BUNDLE_IDENTIFIER = "us.gerstacker.advent-of-code.2024";
				PRODUCT_MODULE_NAME = AdventOfCode;
				PRODUCT_NAME = AdventOfCode;
				SDKROOT = auto;
				SKIP_INSTALL = YES;
				SUPPORTED_PLATFORMS = "iphoneos iphonesimulator macosx xros xrsimulator";
				SWIFT_EMIT_LOC_STRINGS = YES;
				SWIFT_INSTALL_OBJC_HEADER = NO;
				SWIFT_VERSION = 6.0;
				TARGETED_DEVICE_FAMILY = "1,2,7";
				VERSIONING_SYSTEM = "apple-generic";
				VERSION_INFO_PREFIX = "";
				XROS_DEPLOYMENT_TARGET = 2.0;
			};
			name = Release;
		};
		D1E20A4F2CEC16F700CB6727 /* Debug */ = {
			isa = XCBuildConfiguration;
			buildSettings = {
				CODE_SIGN_STYLE = Automatic;
				DEVELOPMENT_TEAM = GE3GZ86XX9;
				ENABLE_HARDENED_RUNTIME = YES;
				MACOSX_DEPLOYMENT_TARGET = 15.0;
				PRODUCT_MODULE_NAME = AdventOfCodeCLI;
				PRODUCT_NAME = "$(TARGET_NAME)";
				SWIFT_VERSION = 5.0;
			};
			name = Debug;
		};
		D1E20A502CEC16F700CB6727 /* Release */ = {
			isa = XCBuildConfiguration;
			buildSettings = {
				CODE_SIGN_STYLE = Automatic;
				DEVELOPMENT_TEAM = GE3GZ86XX9;
				ENABLE_HARDENED_RUNTIME = YES;
				MACOSX_DEPLOYMENT_TARGET = 15.0;
				PRODUCT_MODULE_NAME = AdventOfCodeCLI;
				PRODUCT_NAME = "$(TARGET_NAME)";
				SWIFT_VERSION = 5.0;
			};
			name = Release;
		};
		D1E20A722CEC213700CB6727 /* Debug */ = {
			isa = XCBuildConfiguration;
			buildSettings = {
				ALLOW_TARGET_PLATFORM_SPECIALIZATION = YES;
				BUILD_LIBRARY_FOR_DISTRIBUTION = YES;
				CLANG_ENABLE_MODULES = YES;
				CODE_SIGN_STYLE = Automatic;
				CURRENT_PROJECT_VERSION = 1;
				DEFINES_MODULE = NO;
				DEVELOPMENT_TEAM = GE3GZ86XX9;
				DYLIB_COMPATIBILITY_VERSION = 1;
				DYLIB_CURRENT_VERSION = 1;
				DYLIB_INSTALL_NAME_BASE = "@rpath";
				ENABLE_MODULE_VERIFIER = YES;
				GENERATE_INFOPLIST_FILE = YES;
				INFOPLIST_KEY_NSHumanReadableCopyright = "";
				INSTALL_PATH = "$(LOCAL_LIBRARY_DIR)/Frameworks";
				IPHONEOS_DEPLOYMENT_TARGET = 18.1;
				LD_RUNPATH_SEARCH_PATHS = (
					"@executable_path/Frameworks",
					"@loader_path/Frameworks",
				);
				"LD_RUNPATH_SEARCH_PATHS[sdk=macosx*]" = (
					"@executable_path/../Frameworks",
					"@loader_path/Frameworks",
				);
				MACOSX_DEPLOYMENT_TARGET = 15.1;
				MARKETING_VERSION = 1.0;
				MODULE_VERIFIER_SUPPORTED_LANGUAGES = "objective-c objective-c++";
				MODULE_VERIFIER_SUPPORTED_LANGUAGE_STANDARDS = "gnu17 gnu++20";
				PRODUCT_BUNDLE_IDENTIFIER = "us.gerstacker.advent-of-code.2024.visualization";
				PRODUCT_NAME = "$(TARGET_NAME:c99extidentifier)";
				SDKROOT = auto;
				SKIP_INSTALL = YES;
				SUPPORTED_PLATFORMS = "iphoneos iphonesimulator macosx xros xrsimulator";
				SWIFT_EMIT_LOC_STRINGS = YES;
				SWIFT_INSTALL_OBJC_HEADER = NO;
				SWIFT_OPTIMIZATION_LEVEL = "-Onone";
				SWIFT_VERSION = 5.0;
				TARGETED_DEVICE_FAMILY = "1,2,7";
				VERSIONING_SYSTEM = "apple-generic";
				VERSION_INFO_PREFIX = "";
				XROS_DEPLOYMENT_TARGET = 2.1;
			};
			name = Debug;
		};
		D1E20A732CEC213700CB6727 /* Release */ = {
			isa = XCBuildConfiguration;
			buildSettings = {
				ALLOW_TARGET_PLATFORM_SPECIALIZATION = YES;
				BUILD_LIBRARY_FOR_DISTRIBUTION = YES;
				CLANG_ENABLE_MODULES = YES;
				CODE_SIGN_STYLE = Automatic;
				CURRENT_PROJECT_VERSION = 1;
				DEFINES_MODULE = NO;
				DEVELOPMENT_TEAM = GE3GZ86XX9;
				DYLIB_COMPATIBILITY_VERSION = 1;
				DYLIB_CURRENT_VERSION = 1;
				DYLIB_INSTALL_NAME_BASE = "@rpath";
				ENABLE_MODULE_VERIFIER = YES;
				GENERATE_INFOPLIST_FILE = YES;
				INFOPLIST_KEY_NSHumanReadableCopyright = "";
				INSTALL_PATH = "$(LOCAL_LIBRARY_DIR)/Frameworks";
				IPHONEOS_DEPLOYMENT_TARGET = 18.1;
				LD_RUNPATH_SEARCH_PATHS = (
					"@executable_path/Frameworks",
					"@loader_path/Frameworks",
				);
				"LD_RUNPATH_SEARCH_PATHS[sdk=macosx*]" = (
					"@executable_path/../Frameworks",
					"@loader_path/Frameworks",
				);
				MACOSX_DEPLOYMENT_TARGET = 15.1;
				MARKETING_VERSION = 1.0;
				MODULE_VERIFIER_SUPPORTED_LANGUAGES = "objective-c objective-c++";
				MODULE_VERIFIER_SUPPORTED_LANGUAGE_STANDARDS = "gnu17 gnu++20";
				PRODUCT_BUNDLE_IDENTIFIER = "us.gerstacker.advent-of-code.2024.visualization";
				PRODUCT_NAME = "$(TARGET_NAME:c99extidentifier)";
				SDKROOT = auto;
				SKIP_INSTALL = YES;
				SUPPORTED_PLATFORMS = "iphoneos iphonesimulator macosx xros xrsimulator";
				SWIFT_EMIT_LOC_STRINGS = YES;
				SWIFT_INSTALL_OBJC_HEADER = NO;
				SWIFT_VERSION = 5.0;
				TARGETED_DEVICE_FAMILY = "1,2,7";
				VERSIONING_SYSTEM = "apple-generic";
				VERSION_INFO_PREFIX = "";
				XROS_DEPLOYMENT_TARGET = 2.1;
			};
			name = Release;
		};
		D1E20A9E2CEC228600CB6727 /* Debug */ = {
			isa = XCBuildConfiguration;
			buildSettings = {
				ASSETCATALOG_COMPILER_APPICON_NAME = AppIcon;
				ASSETCATALOG_COMPILER_GLOBAL_ACCENT_COLOR_NAME = AccentColor;
				CODE_SIGN_ENTITLEMENTS = "Visualization Testing/VisualizationTesting.entitlements";
				CODE_SIGN_STYLE = Automatic;
				CURRENT_PROJECT_VERSION = 1;
				DEVELOPMENT_TEAM = GE3GZ86XX9;
				ENABLE_HARDENED_RUNTIME = YES;
				ENABLE_PREVIEWS = YES;
				GENERATE_INFOPLIST_FILE = YES;
				"INFOPLIST_KEY_UIApplicationSceneManifest_Generation[sdk=iphoneos*]" = YES;
				"INFOPLIST_KEY_UIApplicationSceneManifest_Generation[sdk=iphonesimulator*]" = YES;
				"INFOPLIST_KEY_UIApplicationSupportsIndirectInputEvents[sdk=iphoneos*]" = YES;
				"INFOPLIST_KEY_UIApplicationSupportsIndirectInputEvents[sdk=iphonesimulator*]" = YES;
				"INFOPLIST_KEY_UILaunchScreen_Generation[sdk=iphoneos*]" = YES;
				"INFOPLIST_KEY_UILaunchScreen_Generation[sdk=iphonesimulator*]" = YES;
				"INFOPLIST_KEY_UIStatusBarStyle[sdk=iphoneos*]" = UIStatusBarStyleDefault;
				"INFOPLIST_KEY_UIStatusBarStyle[sdk=iphonesimulator*]" = UIStatusBarStyleDefault;
				INFOPLIST_KEY_UISupportedInterfaceOrientations_iPad = "UIInterfaceOrientationPortrait UIInterfaceOrientationPortraitUpsideDown UIInterfaceOrientationLandscapeLeft UIInterfaceOrientationLandscapeRight";
				INFOPLIST_KEY_UISupportedInterfaceOrientations_iPhone = "UIInterfaceOrientationPortrait UIInterfaceOrientationLandscapeLeft UIInterfaceOrientationLandscapeRight";
				IPHONEOS_DEPLOYMENT_TARGET = 18.1;
				LD_RUNPATH_SEARCH_PATHS = "@executable_path/Frameworks";
				"LD_RUNPATH_SEARCH_PATHS[sdk=macosx*]" = "@executable_path/../Frameworks";
				MACOSX_DEPLOYMENT_TARGET = 15.1;
				MARKETING_VERSION = 1.0;
				PRODUCT_BUNDLE_IDENTIFIER = "us.gerstacker.advent-of-code.2024.visualization-testing";
				PRODUCT_MODULE_NAME = VisualizationTesting;
				PRODUCT_NAME = "$(TARGET_NAME)";
				SDKROOT = auto;
				SUPPORTED_PLATFORMS = "iphoneos iphonesimulator macosx xros xrsimulator";
				SWIFT_EMIT_LOC_STRINGS = YES;
				SWIFT_VERSION = 5.0;
				TARGETED_DEVICE_FAMILY = "1,2,7";
				XROS_DEPLOYMENT_TARGET = 2.1;
			};
			name = Debug;
		};
		D1E20A9F2CEC228600CB6727 /* Release */ = {
			isa = XCBuildConfiguration;
			buildSettings = {
				ASSETCATALOG_COMPILER_APPICON_NAME = AppIcon;
				ASSETCATALOG_COMPILER_GLOBAL_ACCENT_COLOR_NAME = AccentColor;
				CODE_SIGN_ENTITLEMENTS = "Visualization Testing/VisualizationTesting.entitlements";
				CODE_SIGN_STYLE = Automatic;
				CURRENT_PROJECT_VERSION = 1;
				DEVELOPMENT_TEAM = GE3GZ86XX9;
				ENABLE_HARDENED_RUNTIME = YES;
				ENABLE_PREVIEWS = YES;
				GENERATE_INFOPLIST_FILE = YES;
				"INFOPLIST_KEY_UIApplicationSceneManifest_Generation[sdk=iphoneos*]" = YES;
				"INFOPLIST_KEY_UIApplicationSceneManifest_Generation[sdk=iphonesimulator*]" = YES;
				"INFOPLIST_KEY_UIApplicationSupportsIndirectInputEvents[sdk=iphoneos*]" = YES;
				"INFOPLIST_KEY_UIApplicationSupportsIndirectInputEvents[sdk=iphonesimulator*]" = YES;
				"INFOPLIST_KEY_UILaunchScreen_Generation[sdk=iphoneos*]" = YES;
				"INFOPLIST_KEY_UILaunchScreen_Generation[sdk=iphonesimulator*]" = YES;
				"INFOPLIST_KEY_UIStatusBarStyle[sdk=iphoneos*]" = UIStatusBarStyleDefault;
				"INFOPLIST_KEY_UIStatusBarStyle[sdk=iphonesimulator*]" = UIStatusBarStyleDefault;
				INFOPLIST_KEY_UISupportedInterfaceOrientations_iPad = "UIInterfaceOrientationPortrait UIInterfaceOrientationPortraitUpsideDown UIInterfaceOrientationLandscapeLeft UIInterfaceOrientationLandscapeRight";
				INFOPLIST_KEY_UISupportedInterfaceOrientations_iPhone = "UIInterfaceOrientationPortrait UIInterfaceOrientationLandscapeLeft UIInterfaceOrientationLandscapeRight";
				IPHONEOS_DEPLOYMENT_TARGET = 18.1;
				LD_RUNPATH_SEARCH_PATHS = "@executable_path/Frameworks";
				"LD_RUNPATH_SEARCH_PATHS[sdk=macosx*]" = "@executable_path/../Frameworks";
				MACOSX_DEPLOYMENT_TARGET = 15.1;
				MARKETING_VERSION = 1.0;
				PRODUCT_BUNDLE_IDENTIFIER = "us.gerstacker.advent-of-code.2024.visualization-testing";
				PRODUCT_MODULE_NAME = VisualizationTesting;
				PRODUCT_NAME = "$(TARGET_NAME)";
				SDKROOT = auto;
				SUPPORTED_PLATFORMS = "iphoneos iphonesimulator macosx xros xrsimulator";
				SWIFT_EMIT_LOC_STRINGS = YES;
				SWIFT_VERSION = 5.0;
				TARGETED_DEVICE_FAMILY = "1,2,7";
				XROS_DEPLOYMENT_TARGET = 2.1;
			};
			name = Release;
		};
		D1E20AB82CEC23DA00CB6727 /* Debug */ = {
			isa = XCBuildConfiguration;
			buildSettings = {
				ASSETCATALOG_COMPILER_APPICON_NAME = AppIcon;
				ASSETCATALOG_COMPILER_GLOBAL_ACCENT_COLOR_NAME = AccentColor;
				CODE_SIGN_ENTITLEMENTS = "Visualization 3D Testing/Visualization3DTesting.entitlements";
				CODE_SIGN_STYLE = Automatic;
				CURRENT_PROJECT_VERSION = 1;
				DEVELOPMENT_TEAM = GE3GZ86XX9;
				ENABLE_HARDENED_RUNTIME = YES;
				ENABLE_PREVIEWS = YES;
				GENERATE_INFOPLIST_FILE = YES;
				"INFOPLIST_KEY_UIApplicationSceneManifest_Generation[sdk=iphoneos*]" = YES;
				"INFOPLIST_KEY_UIApplicationSceneManifest_Generation[sdk=iphonesimulator*]" = YES;
				"INFOPLIST_KEY_UIApplicationSupportsIndirectInputEvents[sdk=iphoneos*]" = YES;
				"INFOPLIST_KEY_UIApplicationSupportsIndirectInputEvents[sdk=iphonesimulator*]" = YES;
				"INFOPLIST_KEY_UILaunchScreen_Generation[sdk=iphoneos*]" = YES;
				"INFOPLIST_KEY_UILaunchScreen_Generation[sdk=iphonesimulator*]" = YES;
				"INFOPLIST_KEY_UIStatusBarStyle[sdk=iphoneos*]" = UIStatusBarStyleDefault;
				"INFOPLIST_KEY_UIStatusBarStyle[sdk=iphonesimulator*]" = UIStatusBarStyleDefault;
				INFOPLIST_KEY_UISupportedInterfaceOrientations_iPad = "UIInterfaceOrientationPortrait UIInterfaceOrientationPortraitUpsideDown UIInterfaceOrientationLandscapeLeft UIInterfaceOrientationLandscapeRight";
				INFOPLIST_KEY_UISupportedInterfaceOrientations_iPhone = "UIInterfaceOrientationPortrait UIInterfaceOrientationLandscapeLeft UIInterfaceOrientationLandscapeRight";
				IPHONEOS_DEPLOYMENT_TARGET = 18.1;
				LD_RUNPATH_SEARCH_PATHS = "@executable_path/Frameworks";
				"LD_RUNPATH_SEARCH_PATHS[sdk=macosx*]" = "@executable_path/../Frameworks";
				MACOSX_DEPLOYMENT_TARGET = 15.1;
				MARKETING_VERSION = 1.0;
				PRODUCT_BUNDLE_IDENTIFIER = "us.gerstacker.advent-of-code.2024.visualization-3d-testing";
				PRODUCT_MODULE_NAME = Visualization3DTesting;
				PRODUCT_NAME = "$(TARGET_NAME)";
				SDKROOT = auto;
				SUPPORTED_PLATFORMS = "iphoneos iphonesimulator macosx xros xrsimulator";
				SWIFT_EMIT_LOC_STRINGS = YES;
				SWIFT_VERSION = 5.0;
				TARGETED_DEVICE_FAMILY = "1,2,7";
				XROS_DEPLOYMENT_TARGET = 2.1;
			};
			name = Debug;
		};
		D1E20AB92CEC23DA00CB6727 /* Release */ = {
			isa = XCBuildConfiguration;
			buildSettings = {
				ASSETCATALOG_COMPILER_APPICON_NAME = AppIcon;
				ASSETCATALOG_COMPILER_GLOBAL_ACCENT_COLOR_NAME = AccentColor;
				CODE_SIGN_ENTITLEMENTS = "Visualization 3D Testing/Visualization3DTesting.entitlements";
				CODE_SIGN_STYLE = Automatic;
				CURRENT_PROJECT_VERSION = 1;
				DEVELOPMENT_TEAM = GE3GZ86XX9;
				ENABLE_HARDENED_RUNTIME = YES;
				ENABLE_PREVIEWS = YES;
				GENERATE_INFOPLIST_FILE = YES;
				"INFOPLIST_KEY_UIApplicationSceneManifest_Generation[sdk=iphoneos*]" = YES;
				"INFOPLIST_KEY_UIApplicationSceneManifest_Generation[sdk=iphonesimulator*]" = YES;
				"INFOPLIST_KEY_UIApplicationSupportsIndirectInputEvents[sdk=iphoneos*]" = YES;
				"INFOPLIST_KEY_UIApplicationSupportsIndirectInputEvents[sdk=iphonesimulator*]" = YES;
				"INFOPLIST_KEY_UILaunchScreen_Generation[sdk=iphoneos*]" = YES;
				"INFOPLIST_KEY_UILaunchScreen_Generation[sdk=iphonesimulator*]" = YES;
				"INFOPLIST_KEY_UIStatusBarStyle[sdk=iphoneos*]" = UIStatusBarStyleDefault;
				"INFOPLIST_KEY_UIStatusBarStyle[sdk=iphonesimulator*]" = UIStatusBarStyleDefault;
				INFOPLIST_KEY_UISupportedInterfaceOrientations_iPad = "UIInterfaceOrientationPortrait UIInterfaceOrientationPortraitUpsideDown UIInterfaceOrientationLandscapeLeft UIInterfaceOrientationLandscapeRight";
				INFOPLIST_KEY_UISupportedInterfaceOrientations_iPhone = "UIInterfaceOrientationPortrait UIInterfaceOrientationLandscapeLeft UIInterfaceOrientationLandscapeRight";
				IPHONEOS_DEPLOYMENT_TARGET = 18.1;
				LD_RUNPATH_SEARCH_PATHS = "@executable_path/Frameworks";
				"LD_RUNPATH_SEARCH_PATHS[sdk=macosx*]" = "@executable_path/../Frameworks";
				MACOSX_DEPLOYMENT_TARGET = 15.1;
				MARKETING_VERSION = 1.0;
				PRODUCT_BUNDLE_IDENTIFIER = "us.gerstacker.advent-of-code.2024.visualization-3d-testing";
				PRODUCT_MODULE_NAME = Visualization3DTesting;
				PRODUCT_NAME = "$(TARGET_NAME)";
				SDKROOT = auto;
				SUPPORTED_PLATFORMS = "iphoneos iphonesimulator macosx xros xrsimulator";
				SWIFT_EMIT_LOC_STRINGS = YES;
				SWIFT_VERSION = 5.0;
				TARGETED_DEVICE_FAMILY = "1,2,7";
				XROS_DEPLOYMENT_TARGET = 2.1;
			};
			name = Release;
		};
/* End XCBuildConfiguration section */

/* Begin XCConfigurationList section */
		D1A504152D011ECB00849EE5 /* Build configuration list for PBXNativeTarget "Day 4 Visualization" */ = {
			isa = XCConfigurationList;
			buildConfigurations = (
				D1A504162D011ECB00849EE5 /* Debug */,
				D1A504172D011ECB00849EE5 /* Release */,
			);
			defaultConfigurationIsVisible = 0;
			defaultConfigurationName = Release;
		};
		D1A505032D08ED0200849EE5 /* Build configuration list for PBXNativeTarget "Day 10 Visualization" */ = {
			isa = XCConfigurationList;
			buildConfigurations = (
				D1A505042D08ED0200849EE5 /* Debug */,
				D1A505052D08ED0200849EE5 /* Release */,
			);
			defaultConfigurationIsVisible = 0;
			defaultConfigurationName = Release;
		};
		D1E20A0B2CEC131E00CB6727 /* Build configuration list for PBXProject "Advent of Code 2024" */ = {
			isa = XCConfigurationList;
			buildConfigurations = (
				D1E20A152CEC131E00CB6727 /* Debug */,
				D1E20A162CEC131E00CB6727 /* Release */,
			);
			defaultConfigurationIsVisible = 0;
			defaultConfigurationName = Release;
		};
		D1E20A2D2CEC140400CB6727 /* Build configuration list for PBXNativeTarget "Advent of Code" */ = {
			isa = XCConfigurationList;
			buildConfigurations = (
				D1E20A2E2CEC140400CB6727 /* Debug */,
				D1E20A2F2CEC140400CB6727 /* Release */,
			);
			defaultConfigurationIsVisible = 0;
			defaultConfigurationName = Release;
		};
		D1E20A4E2CEC16F700CB6727 /* Build configuration list for PBXNativeTarget "Advent of Code CLI" */ = {
			isa = XCConfigurationList;
			buildConfigurations = (
				D1E20A4F2CEC16F700CB6727 /* Debug */,
				D1E20A502CEC16F700CB6727 /* Release */,
			);
			defaultConfigurationIsVisible = 0;
			defaultConfigurationName = Release;
		};
		D1E20A712CEC213700CB6727 /* Build configuration list for PBXNativeTarget "Visualization" */ = {
			isa = XCConfigurationList;
			buildConfigurations = (
				D1E20A722CEC213700CB6727 /* Debug */,
				D1E20A732CEC213700CB6727 /* Release */,
			);
			defaultConfigurationIsVisible = 0;
			defaultConfigurationName = Release;
		};
		D1E20A9D2CEC228600CB6727 /* Build configuration list for PBXNativeTarget "Visualization Testing" */ = {
			isa = XCConfigurationList;
			buildConfigurations = (
				D1E20A9E2CEC228600CB6727 /* Debug */,
				D1E20A9F2CEC228600CB6727 /* Release */,
			);
			defaultConfigurationIsVisible = 0;
			defaultConfigurationName = Release;
		};
		D1E20AB72CEC23DA00CB6727 /* Build configuration list for PBXNativeTarget "Visualization 3D Testing" */ = {
			isa = XCConfigurationList;
			buildConfigurations = (
				D1E20AB82CEC23DA00CB6727 /* Debug */,
				D1E20AB92CEC23DA00CB6727 /* Release */,
			);
			defaultConfigurationIsVisible = 0;
			defaultConfigurationName = Release;
		};
/* End XCConfigurationList section */

/* Begin XCRemoteSwiftPackageReference section */
		D1E20A1A2CEC138700CB6727 /* XCRemoteSwiftPackageReference "swift-argument-parser" */ = {
			isa = XCRemoteSwiftPackageReference;
			repositoryURL = "https://github.com/apple/swift-argument-parser.git";
			requirement = {
				kind = upToNextMajorVersion;
				minimumVersion = 1.5.0;
			};
		};
		D1E20A1D2CEC13AE00CB6727 /* XCRemoteSwiftPackageReference "swift-collections" */ = {
			isa = XCRemoteSwiftPackageReference;
			repositoryURL = "https://github.com/apple/swift-collections.git";
			requirement = {
				kind = upToNextMajorVersion;
				minimumVersion = 1.1.4;
			};
		};
		D1E20A202CEC13BF00CB6727 /* XCRemoteSwiftPackageReference "swift-algorithms" */ = {
			isa = XCRemoteSwiftPackageReference;
			repositoryURL = "https://github.com/apple/swift-algorithms.git";
			requirement = {
				kind = upToNextMajorVersion;
				minimumVersion = 1.2.0;
			};
		};
/* End XCRemoteSwiftPackageReference section */

/* Begin XCSwiftPackageProductDependency section */
		D1E20A332CEC148F00CB6727 /* Algorithms */ = {
			isa = XCSwiftPackageProductDependency;
			package = D1E20A202CEC13BF00CB6727 /* XCRemoteSwiftPackageReference "swift-algorithms" */;
			productName = Algorithms;
		};
		D1E20A352CEC149300CB6727 /* Collections */ = {
			isa = XCSwiftPackageProductDependency;
			package = D1E20A1D2CEC13AE00CB6727 /* XCRemoteSwiftPackageReference "swift-collections" */;
			productName = Collections;
		};
		D1E20A562CEC179B00CB6727 /* ArgumentParser */ = {
			isa = XCSwiftPackageProductDependency;
			package = D1E20A1A2CEC138700CB6727 /* XCRemoteSwiftPackageReference "swift-argument-parser" */;
			productName = ArgumentParser;
		};
/* End XCSwiftPackageProductDependency section */
	};
	rootObject = D1E20A082CEC131E00CB6727 /* Project object */;
}
